
Microsoft Visual Studio Solution File, Format Version 12.00
# Visual Studio Version 17
VisualStudioVersion = 17.14.36221.1
MinimumVisualStudioVersion = 10.0.40219.1
Project("{FAE04EC0-301F-11D3-BF4B-00C04F79EFBC}") = "Fcg.Game.Api", "Fcg.Game.Api\Fcg.Game.Api.csproj", "{1E9C671B-C0EF-4FA9-A0C6-571C0404145A}"
EndProject
Project("{2150E333-8FDC-42A3-9474-1A3956D46DE8}") = "Source", "Source", "{02EA681E-C7D8-13C7-8484-4AC65E1B71E8}"
	ProjectSection(SolutionItems) = preProject
		.dockerignore = .dockerignore
		Dockerfile = Dockerfile
	EndProjectSection
EndProject
Project("{2150E333-8FDC-42A3-9474-1A3956D46DE8}") = "Tests", "Tests", "{9F034FF6-B1E3-460C-8667-9ED40FA585BC}"
EndProject
Project("{2150E333-8FDC-42A3-9474-1A3956D46DE8}") = "Core", "Core", "{B163B2FC-16F1-4F2F-8681-7D36578A4C1E}"
EndProject
Project("{2150E333-8FDC-42A3-9474-1A3956D46DE8}") = "Adapters", "Adapters", "{48468FDC-3B07-4D95-9AED-6223D5BAE03A}"
EndProject
Project("{2150E333-8FDC-42A3-9474-1A3956D46DE8}") = "Driven", "Driven", "{8A4762DF-3BA1-4685-9333-24F6BA0B936B}"
EndProject
Project("{2150E333-8FDC-42A3-9474-1A3956D46DE8}") = "Driver", "Driver", "{F9235D1E-0C01-4BCB-AFEB-FB79FABD87AD}"
EndProject
Project("{FAE04EC0-301F-11D3-BF4B-00C04F79EFBC}") = "Fcg.Game.Domain", "Fcg.Game.Domain\Fcg.Game.Domain.csproj", "{DF895BBB-69C1-4D2F-8AAA-D713292180FD}"
EndProject
Project("{FAE04EC0-301F-11D3-BF4B-00C04F79EFBC}") = "Fcg.Game.Infrastructure", "Fcg.Game.Infrastructure\Fcg.Game.Infrastructure.csproj", "{93B4B9F2-4DFD-4C70-8718-68F8C98BA37E}"
EndProject
Project("{FAE04EC0-301F-11D3-BF4B-00C04F79EFBC}") = "Fcg.Game.Application", "Fcg.Game.Application\Fcg.Game.Application.csproj", "{1CC73347-AF65-47D4-8A88-AE6D0B0CC39B}"
EndProject
Project("{2150E333-8FDC-42A3-9474-1A3956D46DE8}") = "External", "External", "{69428A7D-B62F-4B7E-A88D-422CD01E5E82}"
	ProjectSection(SolutionItems) = preProject
		README.md = README.md
	EndProjectSection
EndProject
Project("{2150E333-8FDC-42A3-9474-1A3956D46DE8}") = "Git", "Git", "{BFB7DBC1-251E-439E-BE72-67B44E10685A}"
	ProjectSection(SolutionItems) = preProject
		.gitignore = .gitignore
		.github\workflows\fcg-game.yml = .github\workflows\fcg-game.yml
	EndProjectSection
EndProject
Project("{FAE04EC0-301F-11D3-BF4B-00C04F79EFBC}") = "UnitTests", "UnitTests\UnitTests.csproj", "{877364FC-DE5B-4C5E-8FB9-66409C18BC93}"
EndProject
Global
	GlobalSection(SolutionConfigurationPlatforms) = preSolution
		Debug|Any CPU = Debug|Any CPU
		Release|Any CPU = Release|Any CPU
	EndGlobalSection
	GlobalSection(ProjectConfigurationPlatforms) = postSolution
		{1E9C671B-C0EF-4FA9-A0C6-571C0404145A}.Debug|Any CPU.ActiveCfg = Debug|Any CPU
		{1E9C671B-C0EF-4FA9-A0C6-571C0404145A}.Debug|Any CPU.Build.0 = Debug|Any CPU
		{1E9C671B-C0EF-4FA9-A0C6-571C0404145A}.Release|Any CPU.ActiveCfg = Release|Any CPU
		{1E9C671B-C0EF-4FA9-A0C6-571C0404145A}.Release|Any CPU.Build.0 = Release|Any CPU
		{DF895BBB-69C1-4D2F-8AAA-D713292180FD}.Debug|Any CPU.ActiveCfg = Debug|Any CPU
		{DF895BBB-69C1-4D2F-8AAA-D713292180FD}.Debug|Any CPU.Build.0 = Debug|Any CPU
		{DF895BBB-69C1-4D2F-8AAA-D713292180FD}.Release|Any CPU.ActiveCfg = Release|Any CPU
		{DF895BBB-69C1-4D2F-8AAA-D713292180FD}.Release|Any CPU.Build.0 = Release|Any CPU
		{93B4B9F2-4DFD-4C70-8718-68F8C98BA37E}.Debug|Any CPU.ActiveCfg = Debug|Any CPU
		{93B4B9F2-4DFD-4C70-8718-68F8C98BA37E}.Debug|Any CPU.Build.0 = Debug|Any CPU
		{93B4B9F2-4DFD-4C70-8718-68F8C98BA37E}.Release|Any CPU.ActiveCfg = Release|Any CPU
		{93B4B9F2-4DFD-4C70-8718-68F8C98BA37E}.Release|Any CPU.Build.0 = Release|Any CPU
		{1CC73347-AF65-47D4-8A88-AE6D0B0CC39B}.Debug|Any CPU.ActiveCfg = Debug|Any CPU
		{1CC73347-AF65-47D4-8A88-AE6D0B0CC39B}.Debug|Any CPU.Build.0 = Debug|Any CPU
		{1CC73347-AF65-47D4-8A88-AE6D0B0CC39B}.Release|Any CPU.ActiveCfg = Release|Any CPU
		{1CC73347-AF65-47D4-8A88-AE6D0B0CC39B}.Release|Any CPU.Build.0 = Release|Any CPU
		{877364FC-DE5B-4C5E-8FB9-66409C18BC93}.Debug|Any CPU.ActiveCfg = Debug|Any CPU
		{877364FC-DE5B-4C5E-8FB9-66409C18BC93}.Debug|Any CPU.Build.0 = Debug|Any CPU
		{877364FC-DE5B-4C5E-8FB9-66409C18BC93}.Release|Any CPU.ActiveCfg = Release|Any CPU
		{877364FC-DE5B-4C5E-8FB9-66409C18BC93}.Release|Any CPU.Build.0 = Release|Any CPU
	EndGlobalSection
	GlobalSection(SolutionProperties) = preSolution
		HideSolutionNode = FALSE
	EndGlobalSection
	GlobalSection(NestedProjects) = preSolution
		{1E9C671B-C0EF-4FA9-A0C6-571C0404145A} = {F9235D1E-0C01-4BCB-AFEB-FB79FABD87AD}
		{B163B2FC-16F1-4F2F-8681-7D36578A4C1E} = {02EA681E-C7D8-13C7-8484-4AC65E1B71E8}
		{48468FDC-3B07-4D95-9AED-6223D5BAE03A} = {02EA681E-C7D8-13C7-8484-4AC65E1B71E8}
		{8A4762DF-3BA1-4685-9333-24F6BA0B936B} = {48468FDC-3B07-4D95-9AED-6223D5BAE03A}
		{F9235D1E-0C01-4BCB-AFEB-FB79FABD87AD} = {48468FDC-3B07-4D95-9AED-6223D5BAE03A}
		{DF895BBB-69C1-4D2F-8AAA-D713292180FD} = {B163B2FC-16F1-4F2F-8681-7D36578A4C1E}
		{93B4B9F2-4DFD-4C70-8718-68F8C98BA37E} = {8A4762DF-3BA1-4685-9333-24F6BA0B936B}
		{1CC73347-AF65-47D4-8A88-AE6D0B0CC39B} = {B163B2FC-16F1-4F2F-8681-7D36578A4C1E}
		{877364FC-DE5B-4C5E-8FB9-66409C18BC93} = {9F034FF6-B1E3-460C-8667-9ED40FA585BC}
	EndGlobalSection
	GlobalSection(ExtensibilityGlobals) = postSolution
		SolutionGuid = {75A57A19-2390-4065-A993-EAEE9DD867B5}
	EndGlobalSection
EndGlobal
